
Microsoft Visual Studio Solution File, Format Version 12.00
# Visual Studio Version 17
VisualStudioVersion = 17.7.34202.233
MinimumVisualStudioVersion = 10.0.40219.1
Project("{9A19103F-16F7-4668-BE54-9A1E7A4F7556}") = "Demo API", "Demo API\Demo API.csproj", "{6FF3F2E1-F9C8-4FA2-9697-89300AF50201}"
EndProject
Project("{9A19103F-16F7-4668-BE54-9A1E7A4F7556}") = "StockAPI", "StockAPI\StockAPI.csproj", "{C5771950-906D-4028-A8A9-DC2AFF316CF3}"
EndProject
Project("{FAE04EC0-301F-11D3-BF4B-00C04F79EFBC}") = "RandomDataAPI", "RandomDataAPI\RandomDataAPI.csproj", "{79DF47D3-E169-4F2C-9DDE-B66B26A262DD}"
EndProject
Global
	GlobalSection(SolutionConfigurationPlatforms) = preSolution
		Debug|Any CPU = Debug|Any CPU
		Release|Any CPU = Release|Any CPU
	EndGlobalSection
	GlobalSection(ProjectConfigurationPlatforms) = postSolution
		{6FF3F2E1-F9C8-4FA2-9697-89300AF50201}.Debug|Any CPU.ActiveCfg = Debug|Any CPU
		{6FF3F2E1-F9C8-4FA2-9697-89300AF50201}.Debug|Any CPU.Build.0 = Debug|Any CPU
		{6FF3F2E1-F9C8-4FA2-9697-89300AF50201}.Release|Any CPU.ActiveCfg = Release|Any CPU
		{6FF3F2E1-F9C8-4FA2-9697-89300AF50201}.Release|Any CPU.Build.0 = Release|Any CPU
		{C5771950-906D-4028-A8A9-DC2AFF316CF3}.Debug|Any CPU.ActiveCfg = Debug|Any CPU
		{C5771950-906D-4028-A8A9-DC2AFF316CF3}.Debug|Any CPU.Build.0 = Debug|Any CPU
		{C5771950-906D-4028-A8A9-DC2AFF316CF3}.Release|Any CPU.ActiveCfg = Release|Any CPU
		{C5771950-906D-4028-A8A9-DC2AFF316CF3}.Release|Any CPU.Build.0 = Release|Any CPU
		{79DF47D3-E169-4F2C-9DDE-B66B26A262DD}.Debug|Any CPU.ActiveCfg = Debug|Any CPU
		{79DF47D3-E169-4F2C-9DDE-B66B26A262DD}.Debug|Any CPU.Build.0 = Debug|Any CPU
		{79DF47D3-E169-4F2C-9DDE-B66B26A262DD}.Release|Any CPU.ActiveCfg = Release|Any CPU
		{79DF47D3-E169-4F2C-9DDE-B66B26A262DD}.Release|Any CPU.Build.0 = Release|Any CPU
	EndGlobalSection
	GlobalSection(SolutionProperties) = preSolution
		HideSolutionNode = FALSE
	EndGlobalSection
	GlobalSection(ExtensibilityGlobals) = postSolution
		SolutionGuid = {8248D8FD-F696-42BB-A7DB-FA7B2711924D}
	EndGlobalSection
EndGlobal
